// !$*UTF8*$!
{
	archiveVersion = 1;
	classes = {
	};
	objectVersion = 56;
	objects = {

/* Begin PBXBuildFile section */
		8505D25B2A525A1300A54DD4 /* LibraryRepresentable.swift in Sources */ = {isa = PBXBuildFile; fileRef = 8505D25A2A525A1300A54DD4 /* LibraryRepresentable.swift */; };
		850E83422A0D1455007077B8 /* CameraRepresentable.swift in Sources */ = {isa = PBXBuildFile; fileRef = 850E83412A0D1455007077B8 /* CameraRepresentable.swift */; };
		850E83462A0D347B007077B8 /* ImagePredictor.swift in Sources */ = {isa = PBXBuildFile; fileRef = 850E83452A0D347A007077B8 /* ImagePredictor.swift */; };
		853505502A170BAF002F5F67 /* AboutView.swift in Sources */ = {isa = PBXBuildFile; fileRef = 8535054F2A170BAF002F5F67 /* AboutView.swift */; };
		8545A0792A1CF96100C148BD /* Prediction.swift in Sources */ = {isa = PBXBuildFile; fileRef = 8545A0782A1CF96100C148BD /* Prediction.swift */; };
		855800D12A44ED8C00C32F63 /* FlowerDetector.mlmodel in Sources */ = {isa = PBXBuildFile; fileRef = 855800D02A44ED8C00C32F63 /* FlowerDetector.mlmodel */; };
		858D8F192A0BC1E5002746D1 /* FlowerDetectorApp.swift in Sources */ = {isa = PBXBuildFile; fileRef = 858D8F182A0BC1E5002746D1 /* FlowerDetectorApp.swift */; };
		858D8F1B2A0BC1E5002746D1 /* ContentView.swift in Sources */ = {isa = PBXBuildFile; fileRef = 858D8F1A2A0BC1E5002746D1 /* ContentView.swift */; };
		858D8F1D2A0BC1E6002746D1 /* Assets.xcassets in Resources */ = {isa = PBXBuildFile; fileRef = 858D8F1C2A0BC1E6002746D1 /* Assets.xcassets */; };
		858D8F202A0BC1E6002746D1 /* Preview Assets.xcassets in Resources */ = {isa = PBXBuildFile; fileRef = 858D8F1F2A0BC1E6002746D1 /* Preview Assets.xcassets */; };
		858D8F2A2A0BC1E6002746D1 /* FlowerDetectorTests.swift in Sources */ = {isa = PBXBuildFile; fileRef = 858D8F292A0BC1E6002746D1 /* FlowerDetectorTests.swift */; };
		858D8F342A0BC1E7002746D1 /* FlowerDetectorUITests.swift in Sources */ = {isa = PBXBuildFile; fileRef = 858D8F332A0BC1E7002746D1 /* FlowerDetectorUITests.swift */; };
		858D8F362A0BC1E7002746D1 /* FlowerDetectorUITestsLaunchTests.swift in Sources */ = {isa = PBXBuildFile; fileRef = 858D8F352A0BC1E7002746D1 /* FlowerDetectorUITestsLaunchTests.swift */; };
		85BCD4E42A15C7AE0050E38B /* CameraView.swift in Sources */ = {isa = PBXBuildFile; fileRef = 850E83432A0D15F4007077B8 /* CameraView.swift */; };
		85C2D5752A0D878500CA8B41 /* FlowerType.swift in Sources */ = {isa = PBXBuildFile; fileRef = 85C2D5742A0D878500CA8B41 /* FlowerType.swift */; };
		85C9F46A2A1275A7002D6C2F /* Flowers.swift in Sources */ = {isa = PBXBuildFile; fileRef = 85C9F4692A1275A7002D6C2F /* Flowers.swift */; };
		85C9F46C2A12761D002D6C2F /* LocalManager.swift in Sources */ = {isa = PBXBuildFile; fileRef = 85C9F46B2A12761D002D6C2F /* LocalManager.swift */; };
		85C9F46E2A1277EF002D6C2F /* flowerData.json in Resources */ = {isa = PBXBuildFile; fileRef = 85C9F46D2A1277EF002D6C2F /* flowerData.json */; };
		85D9D9342A0C652600E4C817 /* TabManagerView.swift in Sources */ = {isa = PBXBuildFile; fileRef = 85D9D9332A0C652600E4C817 /* TabManagerView.swift */; };
		85D9D9362A0C691100E4C817 /* HomeView.swift in Sources */ = {isa = PBXBuildFile; fileRef = 85D9D9352A0C691100E4C817 /* HomeView.swift */; };
		85F6BE1A2A16667900708B35 /* DetailView.swift in Sources */ = {isa = PBXBuildFile; fileRef = 85F6BE192A16667900708B35 /* DetailView.swift */; };
/* End PBXBuildFile section */

/* Begin PBXContainerItemProxy section */
		858D8F262A0BC1E6002746D1 /* PBXContainerItemProxy */ = {
			isa = PBXContainerItemProxy;
			containerPortal = 858D8F0D2A0BC1E5002746D1 /* Project object */;
			proxyType = 1;
			remoteGlobalIDString = 858D8F142A0BC1E5002746D1;
			remoteInfo = FlowerDetector;
		};
		858D8F302A0BC1E7002746D1 /* PBXContainerItemProxy */ = {
			isa = PBXContainerItemProxy;
			containerPortal = 858D8F0D2A0BC1E5002746D1 /* Project object */;
			proxyType = 1;
			remoteGlobalIDString = 858D8F142A0BC1E5002746D1;
			remoteInfo = FlowerDetector;
		};
/* End PBXContainerItemProxy section */

/* Begin PBXFileReference section */
		8505D25A2A525A1300A54DD4 /* LibraryRepresentable.swift */ = {isa = PBXFileReference; lastKnownFileType = sourcecode.swift; path = LibraryRepresentable.swift; sourceTree = "<group>"; };
		850E83412A0D1455007077B8 /* CameraRepresentable.swift */ = {isa = PBXFileReference; lastKnownFileType = sourcecode.swift; path = CameraRepresentable.swift; sourceTree = "<group>"; };
		850E83432A0D15F4007077B8 /* CameraView.swift */ = {isa = PBXFileReference; lastKnownFileType = sourcecode.swift; path = CameraView.swift; sourceTree = "<group>"; };
		850E83452A0D347A007077B8 /* ImagePredictor.swift */ = {isa = PBXFileReference; lastKnownFileType = sourcecode.swift; path = ImagePredictor.swift; sourceTree = "<group>"; };
		8535054F2A170BAF002F5F67 /* AboutView.swift */ = {isa = PBXFileReference; lastKnownFileType = sourcecode.swift; path = AboutView.swift; sourceTree = "<group>"; };
		8545A0782A1CF96100C148BD /* Prediction.swift */ = {isa = PBXFileReference; lastKnownFileType = sourcecode.swift; path = Prediction.swift; sourceTree = "<group>"; };
		855800D02A44ED8C00C32F63 /* FlowerDetector.mlmodel */ = {isa = PBXFileReference; lastKnownFileType = file.mlmodel; name = FlowerDetector.mlmodel; path = ../../../../FlowerDetector.mlmodel; sourceTree = "<group>"; };
		855800D22A44EDAD00C32F63 /* FlowerDetector.mlmodel */ = {isa = PBXFileReference; lastKnownFileType = file.mlmodel; path = FlowerDetector.mlmodel; sourceTree = "<group>"; };
		858D8F152A0BC1E5002746D1 /* FlowerDetector.app */ = {isa = PBXFileReference; explicitFileType = wrapper.application; includeInIndex = 0; path = FlowerDetector.app; sourceTree = BUILT_PRODUCTS_DIR; };
		858D8F182A0BC1E5002746D1 /* FlowerDetectorApp.swift */ = {isa = PBXFileReference; lastKnownFileType = sourcecode.swift; path = FlowerDetectorApp.swift; sourceTree = "<group>"; };
		858D8F1A2A0BC1E5002746D1 /* ContentView.swift */ = {isa = PBXFileReference; lastKnownFileType = sourcecode.swift; path = ContentView.swift; sourceTree = "<group>"; };
		858D8F1C2A0BC1E6002746D1 /* Assets.xcassets */ = {isa = PBXFileReference; lastKnownFileType = folder.assetcatalog; path = Assets.xcassets; sourceTree = "<group>"; };
		858D8F1F2A0BC1E6002746D1 /* Preview Assets.xcassets */ = {isa = PBXFileReference; lastKnownFileType = folder.assetcatalog; path = "Preview Assets.xcassets"; sourceTree = "<group>"; };
		858D8F252A0BC1E6002746D1 /* FlowerDetectorTests.xctest */ = {isa = PBXFileReference; explicitFileType = wrapper.cfbundle; includeInIndex = 0; path = FlowerDetectorTests.xctest; sourceTree = BUILT_PRODUCTS_DIR; };
		858D8F292A0BC1E6002746D1 /* FlowerDetectorTests.swift */ = {isa = PBXFileReference; lastKnownFileType = sourcecode.swift; path = FlowerDetectorTests.swift; sourceTree = "<group>"; };
		858D8F2F2A0BC1E6002746D1 /* FlowerDetectorUITests.xctest */ = {isa = PBXFileReference; explicitFileType = wrapper.cfbundle; includeInIndex = 0; path = FlowerDetectorUITests.xctest; sourceTree = BUILT_PRODUCTS_DIR; };
		858D8F332A0BC1E7002746D1 /* FlowerDetectorUITests.swift */ = {isa = PBXFileReference; lastKnownFileType = sourcecode.swift; path = FlowerDetectorUITests.swift; sourceTree = "<group>"; };
		858D8F352A0BC1E7002746D1 /* FlowerDetectorUITestsLaunchTests.swift */ = {isa = PBXFileReference; lastKnownFileType = sourcecode.swift; path = FlowerDetectorUITestsLaunchTests.swift; sourceTree = "<group>"; };
		85C2D5742A0D878500CA8B41 /* FlowerType.swift */ = {isa = PBXFileReference; lastKnownFileType = sourcecode.swift; path = FlowerType.swift; sourceTree = "<group>"; };
		85C9F4692A1275A7002D6C2F /* Flowers.swift */ = {isa = PBXFileReference; lastKnownFileType = sourcecode.swift; path = Flowers.swift; sourceTree = "<group>"; };
		85C9F46B2A12761D002D6C2F /* LocalManager.swift */ = {isa = PBXFileReference; lastKnownFileType = sourcecode.swift; path = LocalManager.swift; sourceTree = "<group>"; };
		85C9F46D2A1277EF002D6C2F /* flowerData.json */ = {isa = PBXFileReference; fileEncoding = 4; lastKnownFileType = text.json; name = flowerData.json; path = FlowerDetector/Resources/flowerData.json; sourceTree = SOURCE_ROOT; };
		85D9D9332A0C652600E4C817 /* TabManagerView.swift */ = {isa = PBXFileReference; lastKnownFileType = sourcecode.swift; path = TabManagerView.swift; sourceTree = "<group>"; };
		85D9D9352A0C691100E4C817 /* HomeView.swift */ = {isa = PBXFileReference; lastKnownFileType = sourcecode.swift; path = HomeView.swift; sourceTree = "<group>"; };
		85F6BE192A16667900708B35 /* DetailView.swift */ = {isa = PBXFileReference; lastKnownFileType = sourcecode.swift; path = DetailView.swift; sourceTree = "<group>"; };
/* End PBXFileReference section */

/* Begin PBXFrameworksBuildPhase section */
		858D8F122A0BC1E5002746D1 /* Frameworks */ = {
			isa = PBXFrameworksBuildPhase;
			buildActionMask = 2147483647;
			files = (
			);
			runOnlyForDeploymentPostprocessing = 0;
		};
		858D8F222A0BC1E6002746D1 /* Frameworks */ = {
			isa = PBXFrameworksBuildPhase;
			buildActionMask = 2147483647;
			files = (
			);
			runOnlyForDeploymentPostprocessing = 0;
		};
		858D8F2C2A0BC1E6002746D1 /* Frameworks */ = {
			isa = PBXFrameworksBuildPhase;
			buildActionMask = 2147483647;
			files = (
			);
			runOnlyForDeploymentPostprocessing = 0;
		};
/* End PBXFrameworksBuildPhase section */

/* Begin PBXGroup section */
		8545A0732A1CF8E900C148BD /* Domain */ = {
			isa = PBXGroup;
			children = (
				855800D02A44ED8C00C32F63 /* FlowerDetector.mlmodel */,
				85C2D5742A0D878500CA8B41 /* FlowerType.swift */,
				85C9F4692A1275A7002D6C2F /* Flowers.swift */,
				8545A0782A1CF96100C148BD /* Prediction.swift */,
			);
			path = Domain;
			sourceTree = "<group>";
		};
		8545A0742A1CF8EE00C148BD /* Data */ = {
			isa = PBXGroup;
			children = (
				85C9F46B2A12761D002D6C2F /* LocalManager.swift */,
			);
			path = Data;
			sourceTree = "<group>";
		};
		8545A0752A1CF8F300C148BD /* Presentation */ = {
			isa = PBXGroup;
			children = (
				8545A07D2A1CFB4500C148BD /* ViewModel */,
				85D9D9322A0C651800E4C817 /* Views */,
			);
			path = Presentation;
			sourceTree = "<group>";
		};
		8545A0762A1CF8FA00C148BD /* Resources */ = {
			isa = PBXGroup;
			children = (
				858D8F1C2A0BC1E6002746D1 /* Assets.xcassets */,
				85C9F46D2A1277EF002D6C2F /* flowerData.json */,
			);
			path = Resources;
			sourceTree = "<group>";
		};
		8545A07A2A1CF98600C148BD /* Application */ = {
			isa = PBXGroup;
			children = (
				858D8F182A0BC1E5002746D1 /* FlowerDetectorApp.swift */,
				858D8F1A2A0BC1E5002746D1 /* ContentView.swift */,
			);
			path = Application;
			sourceTree = "<group>";
		};
		8545A07D2A1CFB4500C148BD /* ViewModel */ = {
			isa = PBXGroup;
			children = (
			);
			path = ViewModel;
			sourceTree = "<group>";
		};
		858D8F0C2A0BC1E5002746D1 = {
			isa = PBXGroup;
			children = (
				858D8F172A0BC1E5002746D1 /* FlowerDetector */,
				858D8F282A0BC1E6002746D1 /* FlowerDetectorTests */,
				858D8F322A0BC1E7002746D1 /* FlowerDetectorUITests */,
				858D8F162A0BC1E5002746D1 /* Products */,
			);
			sourceTree = "<group>";
		};
		858D8F162A0BC1E5002746D1 /* Products */ = {
			isa = PBXGroup;
			children = (
				858D8F152A0BC1E5002746D1 /* FlowerDetector.app */,
				858D8F252A0BC1E6002746D1 /* FlowerDetectorTests.xctest */,
				858D8F2F2A0BC1E6002746D1 /* FlowerDetectorUITests.xctest */,
			);
			name = Products;
			sourceTree = "<group>";
		};
		858D8F172A0BC1E5002746D1 /* FlowerDetector */ = {
			isa = PBXGroup;
			children = (
				8545A07A2A1CF98600C148BD /* Application */,
				8545A0762A1CF8FA00C148BD /* Resources */,
				8545A0752A1CF8F300C148BD /* Presentation */,
				8545A0742A1CF8EE00C148BD /* Data */,
				8545A0732A1CF8E900C148BD /* Domain */,
				855800D22A44EDAD00C32F63 /* FlowerDetector.mlmodel */,
				858D8F1E2A0BC1E6002746D1 /* Preview Content */,
			);
			path = FlowerDetector;
			sourceTree = "<group>";
		};
		858D8F1E2A0BC1E6002746D1 /* Preview Content */ = {
			isa = PBXGroup;
			children = (
				858D8F1F2A0BC1E6002746D1 /* Preview Assets.xcassets */,
			);
			path = "Preview Content";
			sourceTree = "<group>";
		};
		858D8F282A0BC1E6002746D1 /* FlowerDetectorTests */ = {
			isa = PBXGroup;
			children = (
				858D8F292A0BC1E6002746D1 /* FlowerDetectorTests.swift */,
			);
			path = FlowerDetectorTests;
			sourceTree = "<group>";
		};
		858D8F322A0BC1E7002746D1 /* FlowerDetectorUITests */ = {
			isa = PBXGroup;
			children = (
				858D8F332A0BC1E7002746D1 /* FlowerDetectorUITests.swift */,
				858D8F352A0BC1E7002746D1 /* FlowerDetectorUITestsLaunchTests.swift */,
			);
			path = FlowerDetectorUITests;
			sourceTree = "<group>";
		};
		85D9D9322A0C651800E4C817 /* Views */ = {
			isa = PBXGroup;
			children = (
				85D9D9332A0C652600E4C817 /* TabManagerView.swift */,
				85D9D9352A0C691100E4C817 /* HomeView.swift */,
				850E83412A0D1455007077B8 /* CameraRepresentable.swift */,
				8505D25A2A525A1300A54DD4 /* LibraryRepresentable.swift */,
				850E83432A0D15F4007077B8 /* CameraView.swift */,
				850E83452A0D347A007077B8 /* ImagePredictor.swift */,
				85F6BE192A16667900708B35 /* DetailView.swift */,
				8535054F2A170BAF002F5F67 /* AboutView.swift */,
			);
			path = Views;
			sourceTree = "<group>";
		};
/* End PBXGroup section */

/* Begin PBXNativeTarget section */
		858D8F142A0BC1E5002746D1 /* FlowerDetector */ = {
			isa = PBXNativeTarget;
			buildConfigurationList = 858D8F392A0BC1E7002746D1 /* Build configuration list for PBXNativeTarget "FlowerDetector" */;
			buildPhases = (
				858D8F112A0BC1E5002746D1 /* Sources */,
				858D8F122A0BC1E5002746D1 /* Frameworks */,
				858D8F132A0BC1E5002746D1 /* Resources */,
			);
			buildRules = (
			);
			dependencies = (
			);
			name = FlowerDetector;
			productName = FlowerDetector;
			productReference = 858D8F152A0BC1E5002746D1 /* FlowerDetector.app */;
			productType = "com.apple.product-type.application";
		};
		858D8F242A0BC1E6002746D1 /* FlowerDetectorTests */ = {
			isa = PBXNativeTarget;
			buildConfigurationList = 858D8F3C2A0BC1E7002746D1 /* Build configuration list for PBXNativeTarget "FlowerDetectorTests" */;
			buildPhases = (
				858D8F212A0BC1E6002746D1 /* Sources */,
				858D8F222A0BC1E6002746D1 /* Frameworks */,
				858D8F232A0BC1E6002746D1 /* Resources */,
			);
			buildRules = (
			);
			dependencies = (
				858D8F272A0BC1E6002746D1 /* PBXTargetDependency */,
			);
			name = FlowerDetectorTests;
			productName = FlowerDetectorTests;
			productReference = 858D8F252A0BC1E6002746D1 /* FlowerDetectorTests.xctest */;
			productType = "com.apple.product-type.bundle.unit-test";
		};
		858D8F2E2A0BC1E6002746D1 /* FlowerDetectorUITests */ = {
			isa = PBXNativeTarget;
			buildConfigurationList = 858D8F3F2A0BC1E7002746D1 /* Build configuration list for PBXNativeTarget "FlowerDetectorUITests" */;
			buildPhases = (
				858D8F2B2A0BC1E6002746D1 /* Sources */,
				858D8F2C2A0BC1E6002746D1 /* Frameworks */,
				858D8F2D2A0BC1E6002746D1 /* Resources */,
			);
			buildRules = (
			);
			dependencies = (
				858D8F312A0BC1E7002746D1 /* PBXTargetDependency */,
			);
			name = FlowerDetectorUITests;
			productName = FlowerDetectorUITests;
			productReference = 858D8F2F2A0BC1E6002746D1 /* FlowerDetectorUITests.xctest */;
			productType = "com.apple.product-type.bundle.ui-testing";
		};
/* End PBXNativeTarget section */

/* Begin PBXProject section */
		858D8F0D2A0BC1E5002746D1 /* Project object */ = {
			isa = PBXProject;
			attributes = {
				BuildIndependentTargetsInParallel = 1;
				LastSwiftUpdateCheck = 1430;
				LastUpgradeCheck = 1430;
				TargetAttributes = {
					858D8F142A0BC1E5002746D1 = {
						CreatedOnToolsVersion = 14.3;
					};
					858D8F242A0BC1E6002746D1 = {
						CreatedOnToolsVersion = 14.3;
						TestTargetID = 858D8F142A0BC1E5002746D1;
					};
					858D8F2E2A0BC1E6002746D1 = {
						CreatedOnToolsVersion = 14.3;
						TestTargetID = 858D8F142A0BC1E5002746D1;
					};
				};
			};
			buildConfigurationList = 858D8F102A0BC1E5002746D1 /* Build configuration list for PBXProject "FlowerDetector" */;
			compatibilityVersion = "Xcode 14.0";
			developmentRegion = "pt-BR";
			hasScannedForEncodings = 0;
			knownRegions = (
				Base,
				"pt-BR",
				"pt-PT",
			);
			mainGroup = 858D8F0C2A0BC1E5002746D1;
			productRefGroup = 858D8F162A0BC1E5002746D1 /* Products */;
			projectDirPath = "";
			projectRoot = "";
			targets = (
				858D8F142A0BC1E5002746D1 /* FlowerDetector */,
				858D8F242A0BC1E6002746D1 /* FlowerDetectorTests */,
				858D8F2E2A0BC1E6002746D1 /* FlowerDetectorUITests */,
			);
		};
/* End PBXProject section */

/* Begin PBXResourcesBuildPhase section */
		858D8F132A0BC1E5002746D1 /* Resources */ = {
			isa = PBXResourcesBuildPhase;
			buildActionMask = 2147483647;
			files = (
				85C9F46E2A1277EF002D6C2F /* flowerData.json in Resources */,
				858D8F202A0BC1E6002746D1 /* Preview Assets.xcassets in Resources */,
				858D8F1D2A0BC1E6002746D1 /* Assets.xcassets in Resources */,
			);
			runOnlyForDeploymentPostprocessing = 0;
		};
		858D8F232A0BC1E6002746D1 /* Resources */ = {
			isa = PBXResourcesBuildPhase;
			buildActionMask = 2147483647;
			files = (
			);
			runOnlyForDeploymentPostprocessing = 0;
		};
		858D8F2D2A0BC1E6002746D1 /* Resources */ = {
			isa = PBXResourcesBuildPhase;
			buildActionMask = 2147483647;
			files = (
			);
			runOnlyForDeploymentPostprocessing = 0;
		};
/* End PBXResourcesBuildPhase section */

/* Begin PBXSourcesBuildPhase section */
		858D8F112A0BC1E5002746D1 /* Sources */ = {
			isa = PBXSourcesBuildPhase;
			buildActionMask = 2147483647;
			files = (
				853505502A170BAF002F5F67 /* AboutView.swift in Sources */,
				85C2D5752A0D878500CA8B41 /* FlowerType.swift in Sources */,
				8545A0792A1CF96100C148BD /* Prediction.swift in Sources */,
				85BCD4E42A15C7AE0050E38B /* CameraView.swift in Sources */,
				8505D25B2A525A1300A54DD4 /* LibraryRepresentable.swift in Sources */,
				855800D12A44ED8C00C32F63 /* FlowerDetector.mlmodel in Sources */,
				85D9D9342A0C652600E4C817 /* TabManagerView.swift in Sources */,
				850E83422A0D1455007077B8 /* CameraRepresentable.swift in Sources */,
				850E83462A0D347B007077B8 /* ImagePredictor.swift in Sources */,
				858D8F1B2A0BC1E5002746D1 /* ContentView.swift in Sources */,
				85C9F46A2A1275A7002D6C2F /* Flowers.swift in Sources */,
				85D9D9362A0C691100E4C817 /* HomeView.swift in Sources */,
				858D8F192A0BC1E5002746D1 /* FlowerDetectorApp.swift in Sources */,
				85F6BE1A2A16667900708B35 /* DetailView.swift in Sources */,
				85C9F46C2A12761D002D6C2F /* LocalManager.swift in Sources */,
			);
			runOnlyForDeploymentPostprocessing = 0;
		};
		858D8F212A0BC1E6002746D1 /* Sources */ = {
			isa = PBXSourcesBuildPhase;
			buildActionMask = 2147483647;
			files = (
				858D8F2A2A0BC1E6002746D1 /* FlowerDetectorTests.swift in Sources */,
			);
			runOnlyForDeploymentPostprocessing = 0;
		};
		858D8F2B2A0BC1E6002746D1 /* Sources */ = {
			isa = PBXSourcesBuildPhase;
			buildActionMask = 2147483647;
			files = (
				858D8F342A0BC1E7002746D1 /* FlowerDetectorUITests.swift in Sources */,
				858D8F362A0BC1E7002746D1 /* FlowerDetectorUITestsLaunchTests.swift in Sources */,
			);
			runOnlyForDeploymentPostprocessing = 0;
		};
/* End PBXSourcesBuildPhase section */

/* Begin PBXTargetDependency section */
		858D8F272A0BC1E6002746D1 /* PBXTargetDependency */ = {
			isa = PBXTargetDependency;
			target = 858D8F142A0BC1E5002746D1 /* FlowerDetector */;
			targetProxy = 858D8F262A0BC1E6002746D1 /* PBXContainerItemProxy */;
		};
		858D8F312A0BC1E7002746D1 /* PBXTargetDependency */ = {
			isa = PBXTargetDependency;
			target = 858D8F142A0BC1E5002746D1 /* FlowerDetector */;
			targetProxy = 858D8F302A0BC1E7002746D1 /* PBXContainerItemProxy */;
		};
/* End PBXTargetDependency section */

/* Begin XCBuildConfiguration section */
		858D8F372A0BC1E7002746D1 /* Debug */ = {
			isa = XCBuildConfiguration;
			buildSettings = {
				ALWAYS_SEARCH_USER_PATHS = NO;
				CLANG_ANALYZER_NONNULL = YES;
				CLANG_ANALYZER_NUMBER_OBJECT_CONVERSION = YES_AGGRESSIVE;
				CLANG_CXX_LANGUAGE_STANDARD = "gnu++20";
				CLANG_ENABLE_MODULES = YES;
				CLANG_ENABLE_OBJC_ARC = YES;
				CLANG_ENABLE_OBJC_WEAK = YES;
				CLANG_WARN_BLOCK_CAPTURE_AUTORELEASING = YES;
				CLANG_WARN_BOOL_CONVERSION = YES;
				CLANG_WARN_COMMA = YES;
				CLANG_WARN_CONSTANT_CONVERSION = YES;
				CLANG_WARN_DEPRECATED_OBJC_IMPLEMENTATIONS = YES;
				CLANG_WARN_DIRECT_OBJC_ISA_USAGE = YES_ERROR;
				CLANG_WARN_DOCUMENTATION_COMMENTS = YES;
				CLANG_WARN_EMPTY_BODY = YES;
				CLANG_WARN_ENUM_CONVERSION = YES;
				CLANG_WARN_INFINITE_RECURSION = YES;
				CLANG_WARN_INT_CONVERSION = YES;
				CLANG_WARN_NON_LITERAL_NULL_CONVERSION = YES;
				CLANG_WARN_OBJC_IMPLICIT_RETAIN_SELF = YES;
				CLANG_WARN_OBJC_LITERAL_CONVERSION = YES;
				CLANG_WARN_OBJC_ROOT_CLASS = YES_ERROR;
				CLANG_WARN_QUOTED_INCLUDE_IN_FRAMEWORK_HEADER = YES;
				CLANG_WARN_RANGE_LOOP_ANALYSIS = YES;
				CLANG_WARN_STRICT_PROTOTYPES = YES;
				CLANG_WARN_SUSPICIOUS_MOVE = YES;
				CLANG_WARN_UNGUARDED_AVAILABILITY = YES_AGGRESSIVE;
				CLANG_WARN_UNREACHABLE_CODE = YES;
				CLANG_WARN__DUPLICATE_METHOD_MATCH = YES;
				COPY_PHASE_STRIP = NO;
				DEBUG_INFORMATION_FORMAT = dwarf;
				ENABLE_STRICT_OBJC_MSGSEND = YES;
				ENABLE_TESTABILITY = YES;
				GCC_C_LANGUAGE_STANDARD = gnu11;
				GCC_DYNAMIC_NO_PIC = NO;
				GCC_NO_COMMON_BLOCKS = YES;
				GCC_OPTIMIZATION_LEVEL = 0;
				GCC_PREPROCESSOR_DEFINITIONS = (
					"DEBUG=1",
					"$(inherited)",
				);
				GCC_WARN_64_TO_32_BIT_CONVERSION = YES;
				GCC_WARN_ABOUT_RETURN_TYPE = YES_ERROR;
				GCC_WARN_UNDECLARED_SELECTOR = YES;
				GCC_WARN_UNINITIALIZED_AUTOS = YES_AGGRESSIVE;
				GCC_WARN_UNUSED_FUNCTION = YES;
				GCC_WARN_UNUSED_VARIABLE = YES;
				IPHONEOS_DEPLOYMENT_TARGET = 16.4;
				MTL_ENABLE_DEBUG_INFO = INCLUDE_SOURCE;
				MTL_FAST_MATH = YES;
				ONLY_ACTIVE_ARCH = YES;
				SDKROOT = iphoneos;
				SWIFT_ACTIVE_COMPILATION_CONDITIONS = DEBUG;
				SWIFT_OPTIMIZATION_LEVEL = "-Onone";
			};
			name = Debug;
		};
		858D8F382A0BC1E7002746D1 /* Release */ = {
			isa = XCBuildConfiguration;
			buildSettings = {
				ALWAYS_SEARCH_USER_PATHS = NO;
				CLANG_ANALYZER_NONNULL = YES;
				CLANG_ANALYZER_NUMBER_OBJECT_CONVERSION = YES_AGGRESSIVE;
				CLANG_CXX_LANGUAGE_STANDARD = "gnu++20";
				CLANG_ENABLE_MODULES = YES;
				CLANG_ENABLE_OBJC_ARC = YES;
				CLANG_ENABLE_OBJC_WEAK = YES;
				CLANG_WARN_BLOCK_CAPTURE_AUTORELEASING = YES;
				CLANG_WARN_BOOL_CONVERSION = YES;
				CLANG_WARN_COMMA = YES;
				CLANG_WARN_CONSTANT_CONVERSION = YES;
				CLANG_WARN_DEPRECATED_OBJC_IMPLEMENTATIONS = YES;
				CLANG_WARN_DIRECT_OBJC_ISA_USAGE = YES_ERROR;
				CLANG_WARN_DOCUMENTATION_COMMENTS = YES;
				CLANG_WARN_EMPTY_BODY = YES;
				CLANG_WARN_ENUM_CONVERSION = YES;
				CLANG_WARN_INFINITE_RECURSION = YES;
				CLANG_WARN_INT_CONVERSION = YES;
				CLANG_WARN_NON_LITERAL_NULL_CONVERSION = YES;
				CLANG_WARN_OBJC_IMPLICIT_RETAIN_SELF = YES;
				CLANG_WARN_OBJC_LITERAL_CONVERSION = YES;
				CLANG_WARN_OBJC_ROOT_CLASS = YES_ERROR;
				CLANG_WARN_QUOTED_INCLUDE_IN_FRAMEWORK_HEADER = YES;
				CLANG_WARN_RANGE_LOOP_ANALYSIS = YES;
				CLANG_WARN_STRICT_PROTOTYPES = YES;
				CLANG_WARN_SUSPICIOUS_MOVE = YES;
				CLANG_WARN_UNGUARDED_AVAILABILITY = YES_AGGRESSIVE;
				CLANG_WARN_UNREACHABLE_CODE = YES;
				CLANG_WARN__DUPLICATE_METHOD_MATCH = YES;
				COPY_PHASE_STRIP = NO;
				DEBUG_INFORMATION_FORMAT = "dwarf-with-dsym";
				ENABLE_NS_ASSERTIONS = NO;
				ENABLE_STRICT_OBJC_MSGSEND = YES;
				GCC_C_LANGUAGE_STANDARD = gnu11;
				GCC_NO_COMMON_BLOCKS = YES;
				GCC_WARN_64_TO_32_BIT_CONVERSION = YES;
				GCC_WARN_ABOUT_RETURN_TYPE = YES_ERROR;
				GCC_WARN_UNDECLARED_SELECTOR = YES;
				GCC_WARN_UNINITIALIZED_AUTOS = YES_AGGRESSIVE;
				GCC_WARN_UNUSED_FUNCTION = YES;
				GCC_WARN_UNUSED_VARIABLE = YES;
				IPHONEOS_DEPLOYMENT_TARGET = 16.4;
				MTL_ENABLE_DEBUG_INFO = NO;
				MTL_FAST_MATH = YES;
				ONLY_ACTIVE_ARCH = NO;
				SDKROOT = iphoneos;
				SWIFT_COMPILATION_MODE = wholemodule;
				SWIFT_OPTIMIZATION_LEVEL = "-O";
				VALIDATE_PRODUCT = YES;
			};
			name = Release;
		};
		858D8F3A2A0BC1E7002746D1 /* Debug */ = {
			isa = XCBuildConfiguration;
			buildSettings = {
				ASSETCATALOG_COMPILER_APPICON_NAME = AppIcon;
				ASSETCATALOG_COMPILER_GLOBAL_ACCENT_COLOR_NAME = AccentColor;
				CODE_SIGN_STYLE = Automatic;
				CURRENT_PROJECT_VERSION = 2;
				DEVELOPMENT_ASSET_PATHS = "\"FlowerDetector/Preview Content\"";
				DEVELOPMENT_TEAM = F2MBMJ3PK6;
				ENABLE_PREVIEWS = YES;
				GENERATE_INFOPLIST_FILE = YES;
				INFOPLIST_KEY_CFBundleDisplayName = Detecflor;
				INFOPLIST_KEY_LSApplicationCategoryType = "public.app-category.utilities";
				INFOPLIST_KEY_NSCameraUsageDescription = "Permita para a captura das fotos";
				INFOPLIST_KEY_NSPhotoLibraryUsageDescription = "Allow it too";
				INFOPLIST_KEY_UIApplicationSceneManifest_Generation = YES;
				INFOPLIST_KEY_UIApplicationSupportsIndirectInputEvents = YES;
				INFOPLIST_KEY_UILaunchScreen_Generation = YES;
				INFOPLIST_KEY_UIRequiresFullScreen = YES;
				INFOPLIST_KEY_UISupportedInterfaceOrientations = UIInterfaceOrientationPortrait;
				INFOPLIST_KEY_UISupportedInterfaceOrientations_iPad = "UIInterfaceOrientationPortrait UIInterfaceOrientationPortraitUpsideDown";
				IPHONEOS_DEPLOYMENT_TARGET = 16.1;
				LD_RUNPATH_SEARCH_PATHS = (
					"$(inherited)",
					"@executable_path/Frameworks",
				);
				MARKETING_VERSION = 1.0;
				PRODUCT_BUNDLE_IDENTIFIER = joanwilson.FlowerDetector;
				PRODUCT_NAME = "$(TARGET_NAME)";
				SUPPORTED_PLATFORMS = "iphoneos iphonesimulator";
				SUPPORTS_MACCATALYST = NO;
				SUPPORTS_MAC_DESIGNED_FOR_IPHONE_IPAD = NO;
				SWIFT_EMIT_LOC_STRINGS = YES;
				SWIFT_VERSION = 5.0;
				TARGETED_DEVICE_FAMILY = 1;
			};
			name = Debug;
		};
		858D8F3B2A0BC1E7002746D1 /* Release */ = {
			isa = XCBuildConfiguration;
			buildSettings = {
				ASSETCATALOG_COMPILER_APPICON_NAME = AppIcon;
				ASSETCATALOG_COMPILER_GLOBAL_ACCENT_COLOR_NAME = AccentColor;
				CODE_SIGN_STYLE = Automatic;
				CURRENT_PROJECT_VERSION = 2;
				DEVELOPMENT_ASSET_PATHS = "\"FlowerDetector/Preview Content\"";
				DEVELOPMENT_TEAM = F2MBMJ3PK6;
				ENABLE_PREVIEWS = YES;
				GENERATE_INFOPLIST_FILE = YES;
				INFOPLIST_KEY_CFBundleDisplayName = Detecflor;
				INFOPLIST_KEY_LSApplicationCategoryType = "public.app-category.utilities";
				INFOPLIST_KEY_NSCameraUsageDescription = "Permita para a captura das fotos";
				INFOPLIST_KEY_NSPhotoLibraryUsageDescription = "Allow it too";
				INFOPLIST_KEY_UIApplicationSceneManifest_Generation = YES;
				INFOPLIST_KEY_UIApplicationSupportsIndirectInputEvents = YES;
				INFOPLIST_KEY_UILaunchScreen_Generation = YES;
				INFOPLIST_KEY_UIRequiresFullScreen = YES;
				INFOPLIST_KEY_UISupportedInterfaceOrientations = UIInterfaceOrientationPortrait;
				INFOPLIST_KEY_UISupportedInterfaceOrientations_iPad = "UIInterfaceOrientationPortrait UIInterfaceOrientationPortraitUpsideDown";
				IPHONEOS_DEPLOYMENT_TARGET = 16.1;
				LD_RUNPATH_SEARCH_PATHS = (
					"$(inherited)",
					"@executable_path/Frameworks",
				);
				MARKETING_VERSION = 1.0;
				PRODUCT_BUNDLE_IDENTIFIER = joanwilson.FlowerDetector;
				PRODUCT_NAME = "$(TARGET_NAME)";
				SUPPORTED_PLATFORMS = "iphoneos iphonesimulator";
				SUPPORTS_MACCATALYST = NO;
				SUPPORTS_MAC_DESIGNED_FOR_IPHONE_IPAD = NO;
				SWIFT_EMIT_LOC_STRINGS = YES;
				SWIFT_VERSION = 5.0;
				TARGETED_DEVICE_FAMILY = 1;
			};
			name = Release;
		};
		858D8F3D2A0BC1E7002746D1 /* Debug */ = {
			isa = XCBuildConfiguration;
			buildSettings = {
				ALWAYS_EMBED_SWIFT_STANDARD_LIBRARIES = YES;
				BUNDLE_LOADER = "$(TEST_HOST)";
				CODE_SIGN_STYLE = Automatic;
				CURRENT_PROJECT_VERSION = 1;
				DEVELOPMENT_TEAM = F2MBMJ3PK6;
				GENERATE_INFOPLIST_FILE = YES;
				IPHONEOS_DEPLOYMENT_TARGET = 16.4;
				MARKETING_VERSION = 1.0;
				PRODUCT_BUNDLE_IDENTIFIER = joanwilson.FlowerDetectorTests;
				PRODUCT_NAME = "$(TARGET_NAME)";
				SWIFT_EMIT_LOC_STRINGS = NO;
				SWIFT_VERSION = 5.0;
				TARGETED_DEVICE_FAMILY = "1,2";
				TEST_HOST = "$(BUILT_PRODUCTS_DIR)/FlowerDetector.app/$(BUNDLE_EXECUTABLE_FOLDER_PATH)/FlowerDetector";
			};
			name = Debug;
		};
		858D8F3E2A0BC1E7002746D1 /* Release */ = {
			isa = XCBuildConfiguration;
			buildSettings = {
				ALWAYS_EMBED_SWIFT_STANDARD_LIBRARIES = YES;
				BUNDLE_LOADER = "$(TEST_HOST)";
				CODE_SIGN_STYLE = Automatic;
				CURRENT_PROJECT_VERSION = 1;
				DEVELOPMENT_TEAM = F2MBMJ3PK6;
				GENERATE_INFOPLIST_FILE = YES;
				IPHONEOS_DEPLOYMENT_TARGET = 16.4;
				MARKETING_VERSION = 1.0;
				PRODUCT_BUNDLE_IDENTIFIER = joanwilson.FlowerDetectorTests;
				PRODUCT_NAME = "$(TARGET_NAME)";
				SWIFT_EMIT_LOC_STRINGS = NO;
				SWIFT_VERSION = 5.0;
				TARGETED_DEVICE_FAMILY = "1,2";
				TEST_HOST = "$(BUILT_PRODUCTS_DIR)/FlowerDetector.app/$(BUNDLE_EXECUTABLE_FOLDER_PATH)/FlowerDetector";
			};
			name = Release;
		};
		858D8F402A0BC1E7002746D1 /* Debug */ = {
			isa = XCBuildConfiguration;
			buildSettings = {
				ALWAYS_EMBED_SWIFT_STANDARD_LIBRARIES = YES;
				CODE_SIGN_STYLE = Automatic;
				CURRENT_PROJECT_VERSION = 1;
				DEVELOPMENT_TEAM = F2MBMJ3PK6;
				GENERATE_INFOPLIST_FILE = YES;
				MARKETING_VERSION = 1.0;
				PRODUCT_BUNDLE_IDENTIFIER = joanwilson.FlowerDetectorUITests;
				PRODUCT_NAME = "$(TARGET_NAME)";
				SWIFT_EMIT_LOC_STRINGS = NO;
				SWIFT_VERSION = 5.0;
				TARGETED_DEVICE_FAMILY = "1,2";
				TEST_TARGET_NAME = FlowerDetector;
			};
			name = Debug;
		};
		858D8F412A0BC1E7002746D1 /* Release */ = {
			isa = XCBuildConfiguration;
			buildSettings = {
				ALWAYS_EMBED_SWIFT_STANDARD_LIBRARIES = YES;
				CODE_SIGN_STYLE = Automatic;
				CURRENT_PROJECT_VERSION = 1;
				DEVELOPMENT_TEAM = F2MBMJ3PK6;
				GENERATE_INFOPLIST_FILE = YES;
				MARKETING_VERSION = 1.0;
				PRODUCT_BUNDLE_IDENTIFIER = joanwilson.FlowerDetectorUITests;
				PRODUCT_NAME = "$(TARGET_NAME)";
				SWIFT_EMIT_LOC_STRINGS = NO;
				SWIFT_VERSION = 5.0;
				TARGETED_DEVICE_FAMILY = "1,2";
				TEST_TARGET_NAME = FlowerDetector;
			};
			name = Release;
		};
/* End XCBuildConfiguration section */

/* Begin XCConfigurationList section */
		858D8F102A0BC1E5002746D1 /* Build configuration list for PBXProject "FlowerDetector" */ = {
			isa = XCConfigurationList;
			buildConfigurations = (
				858D8F372A0BC1E7002746D1 /* Debug */,
				858D8F382A0BC1E7002746D1 /* Release */,
			);
			defaultConfigurationIsVisible = 0;
			defaultConfigurationName = Release;
		};
		858D8F392A0BC1E7002746D1 /* Build configuration list for PBXNativeTarget "FlowerDetector" */ = {
			isa = XCConfigurationList;
			buildConfigurations = (
				858D8F3A2A0BC1E7002746D1 /* Debug */,
				858D8F3B2A0BC1E7002746D1 /* Release */,
			);
			defaultConfigurationIsVisible = 0;
			defaultConfigurationName = Release;
		};
		858D8F3C2A0BC1E7002746D1 /* Build configuration list for PBXNativeTarget "FlowerDetectorTests" */ = {
			isa = XCConfigurationList;
			buildConfigurations = (
				858D8F3D2A0BC1E7002746D1 /* Debug */,
				858D8F3E2A0BC1E7002746D1 /* Release */,
			);
			defaultConfigurationIsVisible = 0;
			defaultConfigurationName = Release;
		};
		858D8F3F2A0BC1E7002746D1 /* Build configuration list for PBXNativeTarget "FlowerDetectorUITests" */ = {
			isa = XCConfigurationList;
			buildConfigurations = (
				858D8F402A0BC1E7002746D1 /* Debug */,
				858D8F412A0BC1E7002746D1 /* Release */,
			);
			defaultConfigurationIsVisible = 0;
			defaultConfigurationName = Release;
		};
/* End XCConfigurationList section */
	};
	rootObject = 858D8F0D2A0BC1E5002746D1 /* Project object */;
}
